
Microsoft Visual Studio Solution File, Format Version 12.00
# Visual Studio 15
VisualStudioVersion = 15.0.27703.2018
MinimumVisualStudioVersion = 10.0.40219.1
Project("{FAE04EC0-301F-11D3-BF4B-00C04F79EFBC}") = "RealEstateMVC", "RealEstateMVC\RealEstateMVC.csproj", "{794ADA1D-B7F7-46B9-856F-51F03DBE066E}"
EndProject
Global
	GlobalSection(SolutionConfigurationPlatforms) = preSolution
		Debug|Any CPU = Debug|Any CPU
		Release|Any CPU = Release|Any CPU
	EndGlobalSection
	GlobalSection(ProjectConfigurationPlatforms) = postSolution
		{794ADA1D-B7F7-46B9-856F-51F03DBE066E}.Debug|Any CPU.ActiveCfg = Debug|Any CPU
		{794ADA1D-B7F7-46B9-856F-51F03DBE066E}.Debug|Any CPU.Build.0 = Debug|Any CPU
		{794ADA1D-B7F7-46B9-856F-51F03DBE066E}.Release|Any CPU.ActiveCfg = Release|Any CPU
		{794ADA1D-B7F7-46B9-856F-51F03DBE066E}.Release|Any CPU.Build.0 = Release|Any CPU
	EndGlobalSection
	GlobalSection(SolutionProperties) = preSolution
		HideSolutionNode = FALSE
	EndGlobalSection
	GlobalSection(ExtensibilityGlobals) = postSolution
		SolutionGuid = {5CC4DDE9-D9E2-4768-B9BA-5B99A320CA30}
	EndGlobalSection
EndGlobal
